
Microsoft Visual Studio Solution File, Format Version 12.00
# Visual Studio Version 16
VisualStudioVersion = 16.0.31624.102
MinimumVisualStudioVersion = 10.0.40219.1
Project("{9A19103F-16F7-4668-BE54-9A1E7A4F7556}") = "JohariWindow", "JohariWindow\JohariWindow.csproj", "{93C2A3BF-E7EB-4266-9A31-8CCFDD53C0BC}"
	ProjectSection(ProjectDependencies) = postProject
		{DD657FA0-CD5A-4D0E-B851-6159C7252CE9} = {DD657FA0-CD5A-4D0E-B851-6159C7252CE9}
	EndProjectSection
EndProject
Project("{9A19103F-16F7-4668-BE54-9A1E7A4F7556}") = "Infrastructure", "Infrastructure\Infrastructure.csproj", "{DD657FA0-CD5A-4D0E-B851-6159C7252CE9}"
EndProject
Project("{9A19103F-16F7-4668-BE54-9A1E7A4F7556}") = "ApplicationCore", "ApplicationCore\ApplicationCore.csproj", "{0802FDC3-CA41-4504-92BC-AC205191B1C3}"
EndProject
Global
	GlobalSection(SolutionConfigurationPlatforms) = preSolution
		Debug|Any CPU = Debug|Any CPU
		Release|Any CPU = Release|Any CPU
	EndGlobalSection
	GlobalSection(ProjectConfigurationPlatforms) = postSolution
		{93C2A3BF-E7EB-4266-9A31-8CCFDD53C0BC}.Debug|Any CPU.ActiveCfg = Debug|Any CPU
		{93C2A3BF-E7EB-4266-9A31-8CCFDD53C0BC}.Debug|Any CPU.Build.0 = Debug|Any CPU
		{93C2A3BF-E7EB-4266-9A31-8CCFDD53C0BC}.Release|Any CPU.ActiveCfg = Release|Any CPU
		{93C2A3BF-E7EB-4266-9A31-8CCFDD53C0BC}.Release|Any CPU.Build.0 = Release|Any CPU
		{DD657FA0-CD5A-4D0E-B851-6159C7252CE9}.Debug|Any CPU.ActiveCfg = Debug|Any CPU
		{DD657FA0-CD5A-4D0E-B851-6159C7252CE9}.Debug|Any CPU.Build.0 = Debug|Any CPU
		{DD657FA0-CD5A-4D0E-B851-6159C7252CE9}.Release|Any CPU.ActiveCfg = Release|Any CPU
		{DD657FA0-CD5A-4D0E-B851-6159C7252CE9}.Release|Any CPU.Build.0 = Release|Any CPU
		{0802FDC3-CA41-4504-92BC-AC205191B1C3}.Debug|Any CPU.ActiveCfg = Debug|Any CPU
		{0802FDC3-CA41-4504-92BC-AC205191B1C3}.Debug|Any CPU.Build.0 = Debug|Any CPU
		{0802FDC3-CA41-4504-92BC-AC205191B1C3}.Release|Any CPU.ActiveCfg = Release|Any CPU
		{0802FDC3-CA41-4504-92BC-AC205191B1C3}.Release|Any CPU.Build.0 = Release|Any CPU
	EndGlobalSection
	GlobalSection(SolutionProperties) = preSolution
		HideSolutionNode = FALSE
	EndGlobalSection
	GlobalSection(ExtensibilityGlobals) = postSolution
		SolutionGuid = {FC20DA83-6960-4CC4-9389-0B949BA2E898}
	EndGlobalSection
EndGlobal
